
Microsoft Visual Studio Solution File, Format Version 12.00
# Visual Studio 14
VisualStudioVersion = 14.0.25123.0
MinimumVisualStudioVersion = 10.0.40219.1
Project("{FAE04EC0-301F-11D3-BF4B-00C04F79EFBC}") = "DevOps.LoadTest", "..\DevOps.LoadTest\DevOps.LoadTest.csproj", "{82C44772-CDC9-434F-9933-2C732FA8DD9B}"
EndProject
Project("{2150E333-8FDC-42A3-9474-1A3956D46DE8}") = "Solution", "Solution", "{76935817-F47C-4718-85CF-A14FAD5749B9}"
	ProjectSection(SolutionItems) = preProject
		..\Local.testsettings = ..\Local.testsettings
	EndProjectSection
EndProject
Global
	GlobalSection(SolutionConfigurationPlatforms) = preSolution
		Debug|Any CPU = Debug|Any CPU
		Release|Any CPU = Release|Any CPU
	EndGlobalSection
	GlobalSection(ProjectConfigurationPlatforms) = postSolution
		{82C44772-CDC9-434F-9933-2C732FA8DD9B}.Debug|Any CPU.ActiveCfg = Debug|Any CPU
		{82C44772-CDC9-434F-9933-2C732FA8DD9B}.Debug|Any CPU.Build.0 = Debug|Any CPU
		{82C44772-CDC9-434F-9933-2C732FA8DD9B}.Release|Any CPU.ActiveCfg = Release|Any CPU
		{82C44772-CDC9-434F-9933-2C732FA8DD9B}.Release|Any CPU.Build.0 = Release|Any CPU
	EndGlobalSection
	GlobalSection(SolutionProperties) = preSolution
		HideSolutionNode = FALSE
	EndGlobalSection
EndGlobal
